
Microsoft Visual Studio Solution File, Format Version 12.00
# Visual Studio Version 17
VisualStudioVersion = 17.7.34202.233
MinimumVisualStudioVersion = 10.0.40219.1
Project("{FAE04EC0-301F-11D3-BF4B-00C04F79EFBC}") = "DataAccess", "DataAccess\DataAccess.csproj", "{739C4965-2C73-4A07-9C97-AB18A2A90673}"
EndProject
Project("{FAE04EC0-301F-11D3-BF4B-00C04F79EFBC}") = "Business", "Business\Business.csproj", "{D8435408-9B0E-4903-8D5C-4C300797D9D0}"
EndProject
Project("{FAE04EC0-301F-11D3-BF4B-00C04F79EFBC}") = "Entities", "Entities\Entities.csproj", "{E53048CF-9A0F-425E-A062-E3B055C1A0DD}"
EndProject
Project("{FAE04EC0-301F-11D3-BF4B-00C04F79EFBC}") = "ConsoleUI", "ConsoleUI\ConsoleUI.csproj", "{5BC5C4EF-3C12-4E10-B767-BBA083F50A70}"
EndProject
Global
	GlobalSection(SolutionConfigurationPlatforms) = preSolution
		Debug|Any CPU = Debug|Any CPU
		Release|Any CPU = Release|Any CPU
	EndGlobalSection
	GlobalSection(ProjectConfigurationPlatforms) = postSolution
		{739C4965-2C73-4A07-9C97-AB18A2A90673}.Debug|Any CPU.ActiveCfg = Debug|Any CPU
		{739C4965-2C73-4A07-9C97-AB18A2A90673}.Debug|Any CPU.Build.0 = Debug|Any CPU
		{739C4965-2C73-4A07-9C97-AB18A2A90673}.Release|Any CPU.ActiveCfg = Release|Any CPU
		{739C4965-2C73-4A07-9C97-AB18A2A90673}.Release|Any CPU.Build.0 = Release|Any CPU
		{D8435408-9B0E-4903-8D5C-4C300797D9D0}.Debug|Any CPU.ActiveCfg = Debug|Any CPU
		{D8435408-9B0E-4903-8D5C-4C300797D9D0}.Debug|Any CPU.Build.0 = Debug|Any CPU
		{D8435408-9B0E-4903-8D5C-4C300797D9D0}.Release|Any CPU.ActiveCfg = Release|Any CPU
		{D8435408-9B0E-4903-8D5C-4C300797D9D0}.Release|Any CPU.Build.0 = Release|Any CPU
		{E53048CF-9A0F-425E-A062-E3B055C1A0DD}.Debug|Any CPU.ActiveCfg = Debug|Any CPU
		{E53048CF-9A0F-425E-A062-E3B055C1A0DD}.Debug|Any CPU.Build.0 = Debug|Any CPU
		{E53048CF-9A0F-425E-A062-E3B055C1A0DD}.Release|Any CPU.ActiveCfg = Release|Any CPU
		{E53048CF-9A0F-425E-A062-E3B055C1A0DD}.Release|Any CPU.Build.0 = Release|Any CPU
		{5BC5C4EF-3C12-4E10-B767-BBA083F50A70}.Debug|Any CPU.ActiveCfg = Debug|Any CPU
		{5BC5C4EF-3C12-4E10-B767-BBA083F50A70}.Debug|Any CPU.Build.0 = Debug|Any CPU
		{5BC5C4EF-3C12-4E10-B767-BBA083F50A70}.Release|Any CPU.ActiveCfg = Release|Any CPU
		{5BC5C4EF-3C12-4E10-B767-BBA083F50A70}.Release|Any CPU.Build.0 = Release|Any CPU
	EndGlobalSection
	GlobalSection(SolutionProperties) = preSolution
		HideSolutionNode = FALSE
	EndGlobalSection
	GlobalSection(ExtensibilityGlobals) = postSolution
		SolutionGuid = {2F2D7645-2BD2-4F20-AE74-AA2925462A7E}
	EndGlobalSection
EndGlobal
